// !$*UTF8*$!
{
	archiveVersion = 1;
	classes = {
	};
	objectVersion = 50;
	objects = {

/* Begin PBXBuildFile section */
		1AAB613320D84BCF003EB17C /* FoursquareAPIResponses.swift in Sources */ = {isa = PBXBuildFile; fileRef = 1AAB613220D84BCF003EB17C /* FoursquareAPIResponses.swift */; };
		1AAB613C20D85D9C003EB17C /* KeyboardOffsetHandler.swift in Sources */ = {isa = PBXBuildFile; fileRef = 1AAB613B20D85D9C003EB17C /* KeyboardOffsetHandler.swift */; };
		1AAB613E20D85DBB003EB17C /* KeyboardHelper.swift in Sources */ = {isa = PBXBuildFile; fileRef = 1AAB613D20D85DBB003EB17C /* KeyboardHelper.swift */; };
		1AE8583420D81E28009869BE /* AppDelegate.swift in Sources */ = {isa = PBXBuildFile; fileRef = 1AE8583320D81E28009869BE /* AppDelegate.swift */; };
		1AE8583B20D81E2A009869BE /* Assets.xcassets in Resources */ = {isa = PBXBuildFile; fileRef = 1AE8583A20D81E2A009869BE /* Assets.xcassets */; };
		1AE8583E20D81E2A009869BE /* LaunchScreen.storyboard in Resources */ = {isa = PBXBuildFile; fileRef = 1AE8583C20D81E2A009869BE /* LaunchScreen.storyboard */; };
		1AE8584920D81E2A009869BE /* WhitbreadTestTests.swift in Sources */ = {isa = PBXBuildFile; fileRef = 1AE8584820D81E2A009869BE /* WhitbreadTestTests.swift */; };
		1AE8585820D82008009869BE /* FoursquareAPI.swift in Sources */ = {isa = PBXBuildFile; fileRef = 1AE8585620D82008009869BE /* FoursquareAPI.swift */; };
		1AE8585A20D82413009869BE /* FoursquareAPIRequestAdapter.swift in Sources */ = {isa = PBXBuildFile; fileRef = 1AE8585920D82413009869BE /* FoursquareAPIRequestAdapter.swift */; };
		1AE8586220D8333B009869BE /* VenueSearchViewController.swift in Sources */ = {isa = PBXBuildFile; fileRef = 1AE8586120D8333B009869BE /* VenueSearchViewController.swift */; };
		1AE8586420D8339C009869BE /* VenueSearchViewController.storyboard in Resources */ = {isa = PBXBuildFile; fileRef = 1AE8586320D8339C009869BE /* VenueSearchViewController.storyboard */; };
		1AE8586720D834D4009869BE /* VenueSearchTableViewCell.swift in Sources */ = {isa = PBXBuildFile; fileRef = 1AE8586520D834D4009869BE /* VenueSearchTableViewCell.swift */; };
		1AE8586820D834D4009869BE /* VenueSearchTableViewCell.xib in Resources */ = {isa = PBXBuildFile; fileRef = 1AE8586620D834D4009869BE /* VenueSearchTableViewCell.xib */; };
		1AE8586D20D83A02009869BE /* UITableViewHelper.swift in Sources */ = {isa = PBXBuildFile; fileRef = 1AE8586A20D83A01009869BE /* UITableViewHelper.swift */; };
		1AE8586E20D83A02009869BE /* CellReusable.swift in Sources */ = {isa = PBXBuildFile; fileRef = 1AE8586B20D83A01009869BE /* CellReusable.swift */; };
		1AE8586F20D83A02009869BE /* UIViewControllerHelper.swift in Sources */ = {isa = PBXBuildFile; fileRef = 1AE8586C20D83A01009869BE /* UIViewControllerHelper.swift */; };
		1AE8587120D83C6B009869BE /* VenueSearchModel.swift in Sources */ = {isa = PBXBuildFile; fileRef = 1AE8587020D83C6B009869BE /* VenueSearchModel.swift */; };
		4967D5AA2C23819B062F488D /* Pods_WhitbreadTestTests.framework in Frameworks */ = {isa = PBXBuildFile; fileRef = 1AB3E5369629546AC8EBE4F4 /* Pods_WhitbreadTestTests.framework */; };
		C16F8DF7F1E12ADB0746D5DF /* Pods_WhitbreadTest.framework in Frameworks */ = {isa = PBXBuildFile; fileRef = 253CF04712D5196461A4DE81 /* Pods_WhitbreadTest.framework */; };
/* End PBXBuildFile section */

/* Begin PBXContainerItemProxy section */
		1AE8584520D81E2A009869BE /* PBXContainerItemProxy */ = {
			isa = PBXContainerItemProxy;
			containerPortal = 1AE8582820D81E28009869BE /* Project object */;
			proxyType = 1;
			remoteGlobalIDString = 1AE8582F20D81E28009869BE;
			remoteInfo = WhitbreadTest;
		};
/* End PBXContainerItemProxy section */

/* Begin PBXFileReference section */
		044B9D920C63A2D25EFD79D8 /* Pods-WhitbreadTest.debug.xcconfig */ = {isa = PBXFileReference; includeInIndex = 1; lastKnownFileType = text.xcconfig; name = "Pods-WhitbreadTest.debug.xcconfig"; path = "Pods/Target Support Files/Pods-WhitbreadTest/Pods-WhitbreadTest.debug.xcconfig"; sourceTree = "<group>"; };
		1AAB613220D84BCF003EB17C /* FoursquareAPIResponses.swift */ = {isa = PBXFileReference; lastKnownFileType = sourcecode.swift; path = FoursquareAPIResponses.swift; sourceTree = "<group>"; };
		1AAB613B20D85D9C003EB17C /* KeyboardOffsetHandler.swift */ = {isa = PBXFileReference; fileEncoding = 4; lastKnownFileType = sourcecode.swift; path = KeyboardOffsetHandler.swift; sourceTree = "<group>"; };
		1AAB613D20D85DBB003EB17C /* KeyboardHelper.swift */ = {isa = PBXFileReference; fileEncoding = 4; lastKnownFileType = sourcecode.swift; path = KeyboardHelper.swift; sourceTree = "<group>"; };
		1AB3E5369629546AC8EBE4F4 /* Pods_WhitbreadTestTests.framework */ = {isa = PBXFileReference; explicitFileType = wrapper.framework; includeInIndex = 0; path = Pods_WhitbreadTestTests.framework; sourceTree = BUILT_PRODUCTS_DIR; };
		1AE8583020D81E28009869BE /* WhitbreadTest.app */ = {isa = PBXFileReference; explicitFileType = wrapper.application; includeInIndex = 0; path = WhitbreadTest.app; sourceTree = BUILT_PRODUCTS_DIR; };
		1AE8583320D81E28009869BE /* AppDelegate.swift */ = {isa = PBXFileReference; lastKnownFileType = sourcecode.swift; path = AppDelegate.swift; sourceTree = "<group>"; };
		1AE8583A20D81E2A009869BE /* Assets.xcassets */ = {isa = PBXFileReference; lastKnownFileType = folder.assetcatalog; path = Assets.xcassets; sourceTree = "<group>"; };
		1AE8583D20D81E2A009869BE /* Base */ = {isa = PBXFileReference; lastKnownFileType = file.storyboard; name = Base; path = Base.lproj/LaunchScreen.storyboard; sourceTree = "<group>"; };
		1AE8583F20D81E2A009869BE /* Info.plist */ = {isa = PBXFileReference; lastKnownFileType = text.plist.xml; path = Info.plist; sourceTree = "<group>"; };
		1AE8584420D81E2A009869BE /* WhitbreadTestTests.xctest */ = {isa = PBXFileReference; explicitFileType = wrapper.cfbundle; includeInIndex = 0; path = WhitbreadTestTests.xctest; sourceTree = BUILT_PRODUCTS_DIR; };
		1AE8584820D81E2A009869BE /* WhitbreadTestTests.swift */ = {isa = PBXFileReference; lastKnownFileType = sourcecode.swift; path = WhitbreadTestTests.swift; sourceTree = "<group>"; };
		1AE8584A20D81E2A009869BE /* Info.plist */ = {isa = PBXFileReference; lastKnownFileType = text.plist.xml; path = Info.plist; sourceTree = "<group>"; };
		1AE8585620D82008009869BE /* FoursquareAPI.swift */ = {isa = PBXFileReference; fileEncoding = 4; lastKnownFileType = sourcecode.swift; path = FoursquareAPI.swift; sourceTree = "<group>"; };
		1AE8585920D82413009869BE /* FoursquareAPIRequestAdapter.swift */ = {isa = PBXFileReference; lastKnownFileType = sourcecode.swift; path = FoursquareAPIRequestAdapter.swift; sourceTree = "<group>"; };
		1AE8586120D8333B009869BE /* VenueSearchViewController.swift */ = {isa = PBXFileReference; lastKnownFileType = sourcecode.swift; path = VenueSearchViewController.swift; sourceTree = "<group>"; };
		1AE8586320D8339C009869BE /* VenueSearchViewController.storyboard */ = {isa = PBXFileReference; lastKnownFileType = file.storyboard; path = VenueSearchViewController.storyboard; sourceTree = "<group>"; };
		1AE8586520D834D4009869BE /* VenueSearchTableViewCell.swift */ = {isa = PBXFileReference; lastKnownFileType = sourcecode.swift; path = VenueSearchTableViewCell.swift; sourceTree = "<group>"; };
		1AE8586620D834D4009869BE /* VenueSearchTableViewCell.xib */ = {isa = PBXFileReference; lastKnownFileType = file.xib; path = VenueSearchTableViewCell.xib; sourceTree = "<group>"; };
		1AE8586A20D83A01009869BE /* UITableViewHelper.swift */ = {isa = PBXFileReference; fileEncoding = 4; lastKnownFileType = sourcecode.swift; path = UITableViewHelper.swift; sourceTree = "<group>"; };
		1AE8586B20D83A01009869BE /* CellReusable.swift */ = {isa = PBXFileReference; fileEncoding = 4; lastKnownFileType = sourcecode.swift; path = CellReusable.swift; sourceTree = "<group>"; };
		1AE8586C20D83A01009869BE /* UIViewControllerHelper.swift */ = {isa = PBXFileReference; fileEncoding = 4; lastKnownFileType = sourcecode.swift; path = UIViewControllerHelper.swift; sourceTree = "<group>"; };
		1AE8587020D83C6B009869BE /* VenueSearchModel.swift */ = {isa = PBXFileReference; lastKnownFileType = sourcecode.swift; path = VenueSearchModel.swift; sourceTree = "<group>"; };
		253CF04712D5196461A4DE81 /* Pods_WhitbreadTest.framework */ = {isa = PBXFileReference; explicitFileType = wrapper.framework; includeInIndex = 0; path = Pods_WhitbreadTest.framework; sourceTree = BUILT_PRODUCTS_DIR; };
		4CE1EFA7FB903DE7868F944F /* Pods-WhitbreadTestTests.release.xcconfig */ = {isa = PBXFileReference; includeInIndex = 1; lastKnownFileType = text.xcconfig; name = "Pods-WhitbreadTestTests.release.xcconfig"; path = "Pods/Target Support Files/Pods-WhitbreadTestTests/Pods-WhitbreadTestTests.release.xcconfig"; sourceTree = "<group>"; };
		A3EB2D39E1E34971F43D90BA /* Pods-WhitbreadTest.release.xcconfig */ = {isa = PBXFileReference; includeInIndex = 1; lastKnownFileType = text.xcconfig; name = "Pods-WhitbreadTest.release.xcconfig"; path = "Pods/Target Support Files/Pods-WhitbreadTest/Pods-WhitbreadTest.release.xcconfig"; sourceTree = "<group>"; };
		ACD4833AEF69F09D632B21A3 /* Pods-WhitbreadTestTests.debug.xcconfig */ = {isa = PBXFileReference; includeInIndex = 1; lastKnownFileType = text.xcconfig; name = "Pods-WhitbreadTestTests.debug.xcconfig"; path = "Pods/Target Support Files/Pods-WhitbreadTestTests/Pods-WhitbreadTestTests.debug.xcconfig"; sourceTree = "<group>"; };
/* End PBXFileReference section */

/* Begin PBXFrameworksBuildPhase section */
		1AE8582D20D81E28009869BE /* Frameworks */ = {
			isa = PBXFrameworksBuildPhase;
			buildActionMask = 2147483647;
			files = (
				C16F8DF7F1E12ADB0746D5DF /* Pods_WhitbreadTest.framework in Frameworks */,
			);
			runOnlyForDeploymentPostprocessing = 0;
		};
		1AE8584120D81E2A009869BE /* Frameworks */ = {
			isa = PBXFrameworksBuildPhase;
			buildActionMask = 2147483647;
			files = (
				4967D5AA2C23819B062F488D /* Pods_WhitbreadTestTests.framework in Frameworks */,
			);
			runOnlyForDeploymentPostprocessing = 0;
		};
/* End PBXFrameworksBuildPhase section */

/* Begin PBXGroup section */
		1AE8582720D81E28009869BE = {
			isa = PBXGroup;
			children = (
				1AE8583220D81E28009869BE /* WhitbreadTest */,
				1AE8584720D81E2A009869BE /* WhitbreadTestTests */,
				1AE8583120D81E28009869BE /* Products */,
				65D6B9FB6909D3C70B9D5E6F /* Pods */,
				99E67AF5367552FC3D2C72F7 /* Frameworks */,
			);
			sourceTree = "<group>";
		};
		1AE8583120D81E28009869BE /* Products */ = {
			isa = PBXGroup;
			children = (
				1AE8583020D81E28009869BE /* WhitbreadTest.app */,
				1AE8584420D81E2A009869BE /* WhitbreadTestTests.xctest */,
			);
			name = Products;
			sourceTree = "<group>";
		};
		1AE8583220D81E28009869BE /* WhitbreadTest */ = {
			isa = PBXGroup;
			children = (
				1AE8585E20D832F1009869BE /* App */,
				1AE8586920D839F1009869BE /* Helpers */,
				1AE8585320D81F52009869BE /* Services */,
				1AE8583320D81E28009869BE /* AppDelegate.swift */,
				1AE8583A20D81E2A009869BE /* Assets.xcassets */,
				1AE8583C20D81E2A009869BE /* LaunchScreen.storyboard */,
				1AE8583F20D81E2A009869BE /* Info.plist */,
			);
			path = WhitbreadTest;
			sourceTree = "<group>";
		};
		1AE8584720D81E2A009869BE /* WhitbreadTestTests */ = {
			isa = PBXGroup;
			children = (
				1AE8584820D81E2A009869BE /* WhitbreadTestTests.swift */,
				1AE8584A20D81E2A009869BE /* Info.plist */,
			);
			path = WhitbreadTestTests;
			sourceTree = "<group>";
		};
		1AE8585320D81F52009869BE /* Services */ = {
			isa = PBXGroup;
			children = (
				1AE8585420D81FCD009869BE /* FoursquareAPI */,
			);
			path = Services;
			sourceTree = "<group>";
		};
		1AE8585420D81FCD009869BE /* FoursquareAPI */ = {
			isa = PBXGroup;
			children = (
				1AE8585620D82008009869BE /* FoursquareAPI.swift */,
				1AE8585920D82413009869BE /* FoursquareAPIRequestAdapter.swift */,
				1AAB613220D84BCF003EB17C /* FoursquareAPIResponses.swift */,
			);
			path = FoursquareAPI;
			sourceTree = "<group>";
		};
		1AE8585E20D832F1009869BE /* App */ = {
			isa = PBXGroup;
			children = (
				1AE8585F20D832F5009869BE /* Venues */,
			);
			path = App;
			sourceTree = "<group>";
		};
		1AE8585F20D832F5009869BE /* Venues */ = {
			isa = PBXGroup;
			children = (
				1AE8586020D83301009869BE /* Search */,
			);
			path = Venues;
			sourceTree = "<group>";
		};
		1AE8586020D83301009869BE /* Search */ = {
			isa = PBXGroup;
			children = (
				1AE8587020D83C6B009869BE /* VenueSearchModel.swift */,
				1AE8586520D834D4009869BE /* VenueSearchTableViewCell.swift */,
				1AE8586620D834D4009869BE /* VenueSearchTableViewCell.xib */,
				1AE8586320D8339C009869BE /* VenueSearchViewController.storyboard */,
				1AE8586120D8333B009869BE /* VenueSearchViewController.swift */,
			);
			path = Search;
			sourceTree = "<group>";
		};
		1AE8586920D839F1009869BE /* Helpers */ = {
			isa = PBXGroup;
			children = (
				1AE8586B20D83A01009869BE /* CellReusable.swift */,
				1AAB613D20D85DBB003EB17C /* KeyboardHelper.swift */,
				1AAB613B20D85D9C003EB17C /* KeyboardOffsetHandler.swift */,
				1AE8586A20D83A01009869BE /* UITableViewHelper.swift */,
				1AE8586C20D83A01009869BE /* UIViewControllerHelper.swift */,
			);
			path = Helpers;
			sourceTree = "<group>";
		};
		65D6B9FB6909D3C70B9D5E6F /* Pods */ = {
			isa = PBXGroup;
			children = (
				044B9D920C63A2D25EFD79D8 /* Pods-WhitbreadTest.debug.xcconfig */,
				A3EB2D39E1E34971F43D90BA /* Pods-WhitbreadTest.release.xcconfig */,
				ACD4833AEF69F09D632B21A3 /* Pods-WhitbreadTestTests.debug.xcconfig */,
				4CE1EFA7FB903DE7868F944F /* Pods-WhitbreadTestTests.release.xcconfig */,
			);
			name = Pods;
			sourceTree = "<group>";
		};
		99E67AF5367552FC3D2C72F7 /* Frameworks */ = {
			isa = PBXGroup;
			children = (
				253CF04712D5196461A4DE81 /* Pods_WhitbreadTest.framework */,
				1AB3E5369629546AC8EBE4F4 /* Pods_WhitbreadTestTests.framework */,
			);
			name = Frameworks;
			sourceTree = "<group>";
		};
/* End PBXGroup section */

/* Begin PBXNativeTarget section */
		1AE8582F20D81E28009869BE /* WhitbreadTest */ = {
			isa = PBXNativeTarget;
			buildConfigurationList = 1AE8584D20D81E2A009869BE /* Build configuration list for PBXNativeTarget "WhitbreadTest" */;
			buildPhases = (
				C59FDDC0609CB96D2CEFE59E /* [CP] Check Pods Manifest.lock */,
				1AE8582C20D81E28009869BE /* Sources */,
				1AE8582D20D81E28009869BE /* Frameworks */,
				1AE8582E20D81E28009869BE /* Resources */,
				36C5D1C26D33D63E38316B8D /* [CP] Embed Pods Frameworks */,
			);
			buildRules = (
			);
			dependencies = (
			);
			name = WhitbreadTest;
			productName = WhitbreadTest;
			productReference = 1AE8583020D81E28009869BE /* WhitbreadTest.app */;
			productType = "com.apple.product-type.application";
		};
		1AE8584320D81E2A009869BE /* WhitbreadTestTests */ = {
			isa = PBXNativeTarget;
			buildConfigurationList = 1AE8585020D81E2A009869BE /* Build configuration list for PBXNativeTarget "WhitbreadTestTests" */;
			buildPhases = (
				BDF993AA9BA4A935C0F16ACC /* [CP] Check Pods Manifest.lock */,
				1AE8584020D81E2A009869BE /* Sources */,
				1AE8584120D81E2A009869BE /* Frameworks */,
				1AE8584220D81E2A009869BE /* Resources */,
			);
			buildRules = (
			);
			dependencies = (
				1AE8584620D81E2A009869BE /* PBXTargetDependency */,
			);
			name = WhitbreadTestTests;
			productName = WhitbreadTestTests;
			productReference = 1AE8584420D81E2A009869BE /* WhitbreadTestTests.xctest */;
			productType = "com.apple.product-type.bundle.unit-test";
		};
/* End PBXNativeTarget section */

/* Begin PBXProject section */
		1AE8582820D81E28009869BE /* Project object */ = {
			isa = PBXProject;
			attributes = {
				LastSwiftUpdateCheck = 0940;
				LastUpgradeCheck = 0940;
				ORGANIZATIONNAME = "Radoslav Blasko";
				TargetAttributes = {
					1AE8582F20D81E28009869BE = {
						CreatedOnToolsVersion = 9.4.1;
					};
					1AE8584320D81E2A009869BE = {
						CreatedOnToolsVersion = 9.4.1;
						TestTargetID = 1AE8582F20D81E28009869BE;
					};
				};
			};
			buildConfigurationList = 1AE8582B20D81E28009869BE /* Build configuration list for PBXProject "WhitbreadTest" */;
			compatibilityVersion = "Xcode 9.3";
			developmentRegion = en;
			hasScannedForEncodings = 0;
			knownRegions = (
				en,
				Base,
			);
			mainGroup = 1AE8582720D81E28009869BE;
			productRefGroup = 1AE8583120D81E28009869BE /* Products */;
			projectDirPath = "";
			projectRoot = "";
			targets = (
				1AE8582F20D81E28009869BE /* WhitbreadTest */,
				1AE8584320D81E2A009869BE /* WhitbreadTestTests */,
			);
		};
/* End PBXProject section */

/* Begin PBXResourcesBuildPhase section */
		1AE8582E20D81E28009869BE /* Resources */ = {
			isa = PBXResourcesBuildPhase;
			buildActionMask = 2147483647;
			files = (
				1AE8583E20D81E2A009869BE /* LaunchScreen.storyboard in Resources */,
				1AE8583B20D81E2A009869BE /* Assets.xcassets in Resources */,
				1AE8586820D834D4009869BE /* VenueSearchTableViewCell.xib in Resources */,
				1AE8586420D8339C009869BE /* VenueSearchViewController.storyboard in Resources */,
			);
			runOnlyForDeploymentPostprocessing = 0;
		};
		1AE8584220D81E2A009869BE /* Resources */ = {
			isa = PBXResourcesBuildPhase;
			buildActionMask = 2147483647;
			files = (
			);
			runOnlyForDeploymentPostprocessing = 0;
		};
/* End PBXResourcesBuildPhase section */

/* Begin PBXShellScriptBuildPhase section */
		36C5D1C26D33D63E38316B8D /* [CP] Embed Pods Frameworks */ = {
			isa = PBXShellScriptBuildPhase;
			buildActionMask = 2147483647;
			files = (
			);
			inputPaths = (
				"${SRCROOT}/Pods/Target Support Files/Pods-WhitbreadTest/Pods-WhitbreadTest-frameworks.sh",
				"${BUILT_PRODUCTS_DIR}/Alamofire/Alamofire.framework",
				"${BUILT_PRODUCTS_DIR}/AlamofireObjectMapper/AlamofireObjectMapper.framework",
				"${BUILT_PRODUCTS_DIR}/OHHTTPStubs/OHHTTPStubs.framework",
				"${BUILT_PRODUCTS_DIR}/ObjectMapper/ObjectMapper.framework",
			);
			name = "[CP] Embed Pods Frameworks";
			outputPaths = (
				"${TARGET_BUILD_DIR}/${FRAMEWORKS_FOLDER_PATH}/Alamofire.framework",
				"${TARGET_BUILD_DIR}/${FRAMEWORKS_FOLDER_PATH}/AlamofireObjectMapper.framework",
				"${TARGET_BUILD_DIR}/${FRAMEWORKS_FOLDER_PATH}/OHHTTPStubs.framework",
				"${TARGET_BUILD_DIR}/${FRAMEWORKS_FOLDER_PATH}/ObjectMapper.framework",
			);
			runOnlyForDeploymentPostprocessing = 0;
			shellPath = /bin/sh;
			shellScript = "\"${SRCROOT}/Pods/Target Support Files/Pods-WhitbreadTest/Pods-WhitbreadTest-frameworks.sh\"\n";
			showEnvVarsInLog = 0;
		};
		BDF993AA9BA4A935C0F16ACC /* [CP] Check Pods Manifest.lock */ = {
			isa = PBXShellScriptBuildPhase;
			buildActionMask = 2147483647;
			files = (
			);
			inputPaths = (
				"${PODS_PODFILE_DIR_PATH}/Podfile.lock",
				"${PODS_ROOT}/Manifest.lock",
			);
			name = "[CP] Check Pods Manifest.lock";
			outputPaths = (
				"$(DERIVED_FILE_DIR)/Pods-WhitbreadTestTests-checkManifestLockResult.txt",
			);
			runOnlyForDeploymentPostprocessing = 0;
			shellPath = /bin/sh;
			shellScript = "diff \"${PODS_PODFILE_DIR_PATH}/Podfile.lock\" \"${PODS_ROOT}/Manifest.lock\" > /dev/null\nif [ $? != 0 ] ; then\n    # print error to STDERR\n    echo \"error: The sandbox is not in sync with the Podfile.lock. Run 'pod install' or update your CocoaPods installation.\" >&2\n    exit 1\nfi\n# This output is used by Xcode 'outputs' to avoid re-running this script phase.\necho \"SUCCESS\" > \"${SCRIPT_OUTPUT_FILE_0}\"\n";
			showEnvVarsInLog = 0;
		};
		C59FDDC0609CB96D2CEFE59E /* [CP] Check Pods Manifest.lock */ = {
			isa = PBXShellScriptBuildPhase;
			buildActionMask = 2147483647;
			files = (
			);
			inputPaths = (
				"${PODS_PODFILE_DIR_PATH}/Podfile.lock",
				"${PODS_ROOT}/Manifest.lock",
			);
			name = "[CP] Check Pods Manifest.lock";
			outputPaths = (
				"$(DERIVED_FILE_DIR)/Pods-WhitbreadTest-checkManifestLockResult.txt",
			);
			runOnlyForDeploymentPostprocessing = 0;
			shellPath = /bin/sh;
			shellScript = "diff \"${PODS_PODFILE_DIR_PATH}/Podfile.lock\" \"${PODS_ROOT}/Manifest.lock\" > /dev/null\nif [ $? != 0 ] ; then\n    # print error to STDERR\n    echo \"error: The sandbox is not in sync with the Podfile.lock. Run 'pod install' or update your CocoaPods installation.\" >&2\n    exit 1\nfi\n# This output is used by Xcode 'outputs' to avoid re-running this script phase.\necho \"SUCCESS\" > \"${SCRIPT_OUTPUT_FILE_0}\"\n";
			showEnvVarsInLog = 0;
		};
/* End PBXShellScriptBuildPhase section */

/* Begin PBXSourcesBuildPhase section */
		1AE8582C20D81E28009869BE /* Sources */ = {
			isa = PBXSourcesBuildPhase;
			buildActionMask = 2147483647;
			files = (
				1AE8586E20D83A02009869BE /* CellReusable.swift in Sources */,
				1AAB613320D84BCF003EB17C /* FoursquareAPIResponses.swift in Sources */,
				1AE8587120D83C6B009869BE /* VenueSearchModel.swift in Sources */,
				1AAB613E20D85DBB003EB17C /* KeyboardHelper.swift in Sources */,
				1AE8586D20D83A02009869BE /* UITableViewHelper.swift in Sources */,
				1AE8585820D82008009869BE /* FoursquareAPI.swift in Sources */,
				1AE8583420D81E28009869BE /* AppDelegate.swift in Sources */,
				1AE8586F20D83A02009869BE /* UIViewControllerHelper.swift in Sources */,
				1AAB613C20D85D9C003EB17C /* KeyboardOffsetHandler.swift in Sources */,
				1AE8586720D834D4009869BE /* VenueSearchTableViewCell.swift in Sources */,
				1AE8586220D8333B009869BE /* VenueSearchViewController.swift in Sources */,
				1AE8585A20D82413009869BE /* FoursquareAPIRequestAdapter.swift in Sources */,
			);
			runOnlyForDeploymentPostprocessing = 0;
		};
		1AE8584020D81E2A009869BE /* Sources */ = {
			isa = PBXSourcesBuildPhase;
			buildActionMask = 2147483647;
			files = (
				1AE8584920D81E2A009869BE /* WhitbreadTestTests.swift in Sources */,
			);
			runOnlyForDeploymentPostprocessing = 0;
		};
/* End PBXSourcesBuildPhase section */

/* Begin PBXTargetDependency section */
		1AE8584620D81E2A009869BE /* PBXTargetDependency */ = {
			isa = PBXTargetDependency;
			target = 1AE8582F20D81E28009869BE /* WhitbreadTest */;
			targetProxy = 1AE8584520D81E2A009869BE /* PBXContainerItemProxy */;
		};
/* End PBXTargetDependency section */

/* Begin PBXVariantGroup section */
		1AE8583C20D81E2A009869BE /* LaunchScreen.storyboard */ = {
			isa = PBXVariantGroup;
			children = (
				1AE8583D20D81E2A009869BE /* Base */,
			);
			name = LaunchScreen.storyboard;
			sourceTree = "<group>";
		};
/* End PBXVariantGroup section */

/* Begin XCBuildConfiguration section */
		1AE8584B20D81E2A009869BE /* Debug */ = {
			isa = XCBuildConfiguration;
			buildSettings = {
				ALWAYS_SEARCH_USER_PATHS = NO;
				CLANG_ANALYZER_NONNULL = YES;
				CLANG_ANALYZER_NUMBER_OBJECT_CONVERSION = YES_AGGRESSIVE;
				CLANG_CXX_LANGUAGE_STANDARD = "gnu++14";
				CLANG_CXX_LIBRARY = "libc++";
				CLANG_ENABLE_MODULES = YES;
				CLANG_ENABLE_OBJC_ARC = YES;
				CLANG_ENABLE_OBJC_WEAK = YES;
				CLANG_WARN_BLOCK_CAPTURE_AUTORELEASING = YES;
				CLANG_WARN_BOOL_CONVERSION = YES;
				CLANG_WARN_COMMA = YES;
				CLANG_WARN_CONSTANT_CONVERSION = YES;
				CLANG_WARN_DEPRECATED_OBJC_IMPLEMENTATIONS = YES;
				CLANG_WARN_DIRECT_OBJC_ISA_USAGE = YES_ERROR;
				CLANG_WARN_DOCUMENTATION_COMMENTS = YES;
				CLANG_WARN_EMPTY_BODY = YES;
				CLANG_WARN_ENUM_CONVERSION = YES;
				CLANG_WARN_INFINITE_RECURSION = YES;
				CLANG_WARN_INT_CONVERSION = YES;
				CLANG_WARN_NON_LITERAL_NULL_CONVERSION = YES;
				CLANG_WARN_OBJC_IMPLICIT_RETAIN_SELF = YES;
				CLANG_WARN_OBJC_LITERAL_CONVERSION = YES;
				CLANG_WARN_OBJC_ROOT_CLASS = YES_ERROR;
				CLANG_WARN_RANGE_LOOP_ANALYSIS = YES;
				CLANG_WARN_STRICT_PROTOTYPES = YES;
				CLANG_WARN_SUSPICIOUS_MOVE = YES;
				CLANG_WARN_UNGUARDED_AVAILABILITY = YES_AGGRESSIVE;
				CLANG_WARN_UNREACHABLE_CODE = YES;
				CLANG_WARN__DUPLICATE_METHOD_MATCH = YES;
				CODE_SIGN_IDENTITY = "iPhone Developer";
				COPY_PHASE_STRIP = NO;
				DEBUG_INFORMATION_FORMAT = dwarf;
				ENABLE_STRICT_OBJC_MSGSEND = YES;
				ENABLE_TESTABILITY = YES;
				GCC_C_LANGUAGE_STANDARD = gnu11;
				GCC_DYNAMIC_NO_PIC = NO;
				GCC_NO_COMMON_BLOCKS = YES;
				GCC_OPTIMIZATION_LEVEL = 0;
				GCC_PREPROCESSOR_DEFINITIONS = (
					"DEBUG=1",
					"$(inherited)",
				);
				GCC_WARN_64_TO_32_BIT_CONVERSION = YES;
				GCC_WARN_ABOUT_RETURN_TYPE = YES_ERROR;
				GCC_WARN_UNDECLARED_SELECTOR = YES;
				GCC_WARN_UNINITIALIZED_AUTOS = YES_AGGRESSIVE;
				GCC_WARN_UNUSED_FUNCTION = YES;
				GCC_WARN_UNUSED_VARIABLE = YES;
				IPHONEOS_DEPLOYMENT_TARGET = 11.4;
				MTL_ENABLE_DEBUG_INFO = YES;
				ONLY_ACTIVE_ARCH = YES;
				SDKROOT = iphoneos;
				SWIFT_ACTIVE_COMPILATION_CONDITIONS = DEBUG;
				SWIFT_OPTIMIZATION_LEVEL = "-Onone";
			};
			name = Debug;
		};
		1AE8584C20D81E2A009869BE /* Release */ = {
			isa = XCBuildConfiguration;
			buildSettings = {
				ALWAYS_SEARCH_USER_PATHS = NO;
				CLANG_ANALYZER_NONNULL = YES;
				CLANG_ANALYZER_NUMBER_OBJECT_CONVERSION = YES_AGGRESSIVE;
				CLANG_CXX_LANGUAGE_STANDARD = "gnu++14";
				CLANG_CXX_LIBRARY = "libc++";
				CLANG_ENABLE_MODULES = YES;
				CLANG_ENABLE_OBJC_ARC = YES;
				CLANG_ENABLE_OBJC_WEAK = YES;
				CLANG_WARN_BLOCK_CAPTURE_AUTORELEASING = YES;
				CLANG_WARN_BOOL_CONVERSION = YES;
				CLANG_WARN_COMMA = YES;
				CLANG_WARN_CONSTANT_CONVERSION = YES;
				CLANG_WARN_DEPRECATED_OBJC_IMPLEMENTATIONS = YES;
				CLANG_WARN_DIRECT_OBJC_ISA_USAGE = YES_ERROR;
				CLANG_WARN_DOCUMENTATION_COMMENTS = YES;
				CLANG_WARN_EMPTY_BODY = YES;
				CLANG_WARN_ENUM_CONVERSION = YES;
				CLANG_WARN_INFINITE_RECURSION = YES;
				CLANG_WARN_INT_CONVERSION = YES;
				CLANG_WARN_NON_LITERAL_NULL_CONVERSION = YES;
				CLANG_WARN_OBJC_IMPLICIT_RETAIN_SELF = YES;
				CLANG_WARN_OBJC_LITERAL_CONVERSION = YES;
				CLANG_WARN_OBJC_ROOT_CLASS = YES_ERROR;
				CLANG_WARN_RANGE_LOOP_ANALYSIS = YES;
				CLANG_WARN_STRICT_PROTOTYPES = YES;
				CLANG_WARN_SUSPICIOUS_MOVE = YES;
				CLANG_WARN_UNGUARDED_AVAILABILITY = YES_AGGRESSIVE;
				CLANG_WARN_UNREACHABLE_CODE = YES;
				CLANG_WARN__DUPLICATE_METHOD_MATCH = YES;
				CODE_SIGN_IDENTITY = "iPhone Developer";
				COPY_PHASE_STRIP = NO;
				DEBUG_INFORMATION_FORMAT = "dwarf-with-dsym";
				ENABLE_NS_ASSERTIONS = NO;
				ENABLE_STRICT_OBJC_MSGSEND = YES;
				GCC_C_LANGUAGE_STANDARD = gnu11;
				GCC_NO_COMMON_BLOCKS = YES;
				GCC_WARN_64_TO_32_BIT_CONVERSION = YES;
				GCC_WARN_ABOUT_RETURN_TYPE = YES_ERROR;
				GCC_WARN_UNDECLARED_SELECTOR = YES;
				GCC_WARN_UNINITIALIZED_AUTOS = YES_AGGRESSIVE;
				GCC_WARN_UNUSED_FUNCTION = YES;
				GCC_WARN_UNUSED_VARIABLE = YES;
				IPHONEOS_DEPLOYMENT_TARGET = 11.4;
				MTL_ENABLE_DEBUG_INFO = NO;
				SDKROOT = iphoneos;
				SWIFT_COMPILATION_MODE = wholemodule;
				SWIFT_OPTIMIZATION_LEVEL = "-O";
				VALIDATE_PRODUCT = YES;
			};
			name = Release;
		};
		1AE8584E20D81E2A009869BE /* Debug */ = {
			isa = XCBuildConfiguration;
			baseConfigurationReference = 044B9D920C63A2D25EFD79D8 /* Pods-WhitbreadTest.debug.xcconfig */;
			buildSettings = {
				ASSETCATALOG_COMPILER_APPICON_NAME = AppIcon;
				CODE_SIGN_STYLE = Automatic;
				DEVELOPMENT_TEAM = 623KFYEN4J;
				INFOPLIST_FILE = WhitbreadTest/Info.plist;
				IPHONEOS_DEPLOYMENT_TARGET = 11;
				LD_RUNPATH_SEARCH_PATHS = (
					"$(inherited)",
					"@executable_path/Frameworks",
				);
				PRODUCT_BUNDLE_IDENTIFIER = com.iamrado.WhitbreadTest;
				PRODUCT_NAME = "$(TARGET_NAME)";
				SWIFT_VERSION = 4.0;
				TARGETED_DEVICE_FAMILY = "1,2";
			};
			name = Debug;
		};
		1AE8584F20D81E2A009869BE /* Release */ = {
			isa = XCBuildConfiguration;
			baseConfigurationReference = A3EB2D39E1E34971F43D90BA /* Pods-WhitbreadTest.release.xcconfig */;
			buildSettings = {
				ASSETCATALOG_COMPILER_APPICON_NAME = AppIcon;
				CODE_SIGN_STYLE = Automatic;
				DEVELOPMENT_TEAM = 623KFYEN4J;
				INFOPLIST_FILE = WhitbreadTest/Info.plist;
				IPHONEOS_DEPLOYMENT_TARGET = 11;
				LD_RUNPATH_SEARCH_PATHS = (
					"$(inherited)",
					"@executable_path/Frameworks",
				);
				PRODUCT_BUNDLE_IDENTIFIER = com.iamrado.WhitbreadTest;
				PRODUCT_NAME = "$(TARGET_NAME)";
				SWIFT_VERSION = 4.0;
				TARGETED_DEVICE_FAMILY = "1,2";
			};
			name = Release;
		};
		1AE8585120D81E2A009869BE /* Debug */ = {
			isa = XCBuildConfiguration;
			baseConfigurationReference = ACD4833AEF69F09D632B21A3 /* Pods-WhitbreadTestTests.debug.xcconfig */;
			buildSettings = {
				ALWAYS_EMBED_SWIFT_STANDARD_LIBRARIES = YES;
				BUNDLE_LOADER = "$(TEST_HOST)";
				CODE_SIGN_STYLE = Automatic;
				DEVELOPMENT_TEAM = 623KFYEN4J;
				INFOPLIST_FILE = WhitbreadTestTests/Info.plist;
				LD_RUNPATH_SEARCH_PATHS = (
					"$(inherited)",
					"@executable_path/Frameworks",
					"@loader_path/Frameworks",
				);
				PRODUCT_BUNDLE_IDENTIFIER = com.iamrado.WhitbreadTestTests;
				PRODUCT_NAME = "$(TARGET_NAME)";
				SWIFT_VERSION = 4.0;
				TARGETED_DEVICE_FAMILY = "1,2";
				TEST_HOST = "$(BUILT_PRODUCTS_DIR)/WhitbreadTest.app/WhitbreadTest";
			};
			name = Debug;
		};
		1AE8585220D81E2A009869BE /* Release */ = {
			isa = XCBuildConfiguration;
			baseConfigurationReference = 4CE1EFA7FB903DE7868F944F /* Pods-WhitbreadTestTests.release.xcconfig */;
			buildSettings = {
				ALWAYS_EMBED_SWIFT_STANDARD_LIBRARIES = YES;
				BUNDLE_LOADER = "$(TEST_HOST)";
				CODE_SIGN_STYLE = Automatic;
				DEVELOPMENT_TEAM = 623KFYEN4J;
				INFOPLIST_FILE = WhitbreadTestTests/Info.plist;
				LD_RUNPATH_SEARCH_PATHS = (
					"$(inherited)",
					"@executable_path/Frameworks",
					"@loader_path/Frameworks",
				);
				PRODUCT_BUNDLE_IDENTIFIER = com.iamrado.WhitbreadTestTests;
				PRODUCT_NAME = "$(TARGET_NAME)";
				SWIFT_VERSION = 4.0;
				TARGETED_DEVICE_FAMILY = "1,2";
				TEST_HOST = "$(BUILT_PRODUCTS_DIR)/WhitbreadTest.app/WhitbreadTest";
			};
			name = Release;
		};
/* End XCBuildConfiguration section */

/* Begin XCConfigurationList section */
		1AE8582B20D81E28009869BE /* Build configuration list for PBXProject "WhitbreadTest" */ = {
			isa = XCConfigurationList;
			buildConfigurations = (
				1AE8584B20D81E2A009869BE /* Debug */,
				1AE8584C20D81E2A009869BE /* Release */,
			);
			defaultConfigurationIsVisible = 0;
			defaultConfigurationName = Release;
		};
		1AE8584D20D81E2A009869BE /* Build configuration list for PBXNativeTarget "WhitbreadTest" */ = {
			isa = XCConfigurationList;
			buildConfigurations = (
				1AE8584E20D81E2A009869BE /* Debug */,
				1AE8584F20D81E2A009869BE /* Release */,
			);
			defaultConfigurationIsVisible = 0;
			defaultConfigurationName = Release;
		};
		1AE8585020D81E2A009869BE /* Build configuration list for PBXNativeTarget "WhitbreadTestTests" */ = {
			isa = XCConfigurationList;
			buildConfigurations = (
				1AE8585120D81E2A009869BE /* Debug */,
				1AE8585220D81E2A009869BE /* Release */,
			);
			defaultConfigurationIsVisible = 0;
			defaultConfigurationName = Release;
		};
/* End XCConfigurationList section */
	};
	rootObject = 1AE8582820D81E28009869BE /* Project object */;
}
